// !$*UTF8*$!
{
	archiveVersion = 1;
	classes = {
	};
	objectVersion = 77;
	objects = {

/* Begin PBXBuildFile section */
		EF6543072E225FA400D9B543 /* PictureBookLendingModel in Frameworks */ = {isa = PBXBuildFile; productRef = EF6543062E225FA400D9B543 /* PictureBookLendingModel */; };
		EF6543092E225FA800D9B543 /* PictureBookLendingModel in Frameworks */ = {isa = PBXBuildFile; productRef = EF6543082E225FA800D9B543 /* PictureBookLendingModel */; };
		EF65430B2E225FB000D9B543 /* PictureBookLendingModel in Frameworks */ = {isa = PBXBuildFile; productRef = EF65430A2E225FB000D9B543 /* PictureBookLendingModel */; };
		EF6CC9292E21CB6E0092EEDE /* PictureBookLendingInfrastructure in Frameworks */ = {isa = PBXBuildFile; productRef = EF6CC9282E21CB6E0092EEDE /* PictureBookLendingInfrastructure */; };
		EF6CC92B2E21CB730092EEDE /* PictureBookLendingInfrastructure in Frameworks */ = {isa = PBXBuildFile; productRef = EF6CC92A2E21CB730092EEDE /* PictureBookLendingInfrastructure */; };
		EF6CC92D2E21CB780092EEDE /* PictureBookLendingInfrastructure in Frameworks */ = {isa = PBXBuildFile; productRef = EF6CC92C2E21CB780092EEDE /* PictureBookLendingInfrastructure */; };
		EF8FCE702E2153450044F238 /* PictureBookLendingUI in Frameworks */ = {isa = PBXBuildFile; productRef = EF8FCE6F2E2153450044F238 /* PictureBookLendingUI */; };
		EF8FCE722E21534B0044F238 /* PictureBookLendingUI in Frameworks */ = {isa = PBXBuildFile; productRef = EF8FCE712E21534B0044F238 /* PictureBookLendingUI */; };
		EF8FCE742E21534F0044F238 /* PictureBookLendingUI in Frameworks */ = {isa = PBXBuildFile; productRef = EF8FCE732E21534F0044F238 /* PictureBookLendingUI */; };
		EFDF91552DF0A0D6007EB46B /* PictureBookLendingDomain in Frameworks */ = {isa = PBXBuildFile; productRef = EFDF91542DF0A0D6007EB46B /* PictureBookLendingDomain */; };
		EFDF91572DF0A1A6007EB46B /* PictureBookLendingDomain in Frameworks */ = {isa = PBXBuildFile; productRef = EFDF91562DF0A1A6007EB46B /* PictureBookLendingDomain */; };
		EFDF91592DF0A1AB007EB46B /* PictureBookLendingDomain in Frameworks */ = {isa = PBXBuildFile; productRef = EFDF91582DF0A1AB007EB46B /* PictureBookLendingDomain */; };
/* End PBXBuildFile section */

/* Begin PBXContainerItemProxy section */
		EFF77F012DD66AAD009BD213 /* PBXContainerItemProxy */ = {
			isa = PBXContainerItemProxy;
			containerPortal = EFF77EE82DD66AAB009BD213 /* Project object */;
			proxyType = 1;
			remoteGlobalIDString = EFF77EEF2DD66AAB009BD213;
			remoteInfo = PictureBookLendingAdmin;
		};
		EFF77F0B2DD66AAD009BD213 /* PBXContainerItemProxy */ = {
			isa = PBXContainerItemProxy;
			containerPortal = EFF77EE82DD66AAB009BD213 /* Project object */;
			proxyType = 1;
			remoteGlobalIDString = EFF77EEF2DD66AAB009BD213;
			remoteInfo = PictureBookLendingAdmin;
		};
/* End PBXContainerItemProxy section */

/* Begin PBXFileReference section */
		EF5A12492E210087000E665F /* PictureBookLendingUI */ = {isa = PBXFileReference; lastKnownFileType = wrapper; path = PictureBookLendingUI; sourceTree = "<group>"; };
		EF6543052E225CC700D9B543 /* PictureBookLendingModel */ = {isa = PBXFileReference; lastKnownFileType = wrapper; path = PictureBookLendingModel; sourceTree = "<group>"; };
		EF6CC9272E21C2A10092EEDE /* PictureBookLendingInfrastructure */ = {isa = PBXFileReference; lastKnownFileType = wrapper; path = PictureBookLendingInfrastructure; sourceTree = "<group>"; };
		EFD9BABA2E20FDF300218826 /* PictureBookLendingDomain */ = {isa = PBXFileReference; lastKnownFileType = wrapper; path = PictureBookLendingDomain; sourceTree = "<group>"; };
		EFF77EF02DD66AAB009BD213 /* PictureBookLendingAdmin.app */ = {isa = PBXFileReference; explicitFileType = wrapper.application; includeInIndex = 0; path = PictureBookLendingAdmin.app; sourceTree = BUILT_PRODUCTS_DIR; };
		EFF77F002DD66AAD009BD213 /* PictureBookLendingAdminTests.xctest */ = {isa = PBXFileReference; explicitFileType = wrapper.cfbundle; includeInIndex = 0; path = PictureBookLendingAdminTests.xctest; sourceTree = BUILT_PRODUCTS_DIR; };
		EFF77F0A2DD66AAD009BD213 /* PictureBookLendingAdminUITests.xctest */ = {isa = PBXFileReference; explicitFileType = wrapper.cfbundle; includeInIndex = 0; path = PictureBookLendingAdminUITests.xctest; sourceTree = BUILT_PRODUCTS_DIR; };
/* End PBXFileReference section */

/* Begin PBXFileSystemSynchronizedRootGroup section */
		EFF77EF22DD66AAB009BD213 /* PictureBookLendingAdmin */ = {
			isa = PBXFileSystemSynchronizedRootGroup;
			path = PictureBookLendingAdmin;
			sourceTree = "<group>";
		};
		EFF77F032DD66AAD009BD213 /* PictureBookLendingAdminTests */ = {
			isa = PBXFileSystemSynchronizedRootGroup;
			path = PictureBookLendingAdminTests;
			sourceTree = "<group>";
		};
/* End PBXFileSystemSynchronizedRootGroup section */

/* Begin PBXFrameworksBuildPhase section */
		EFF77EED2DD66AAB009BD213 /* Frameworks */ = {
			isa = PBXFrameworksBuildPhase;
			buildActionMask = 2147483647;
			files = (
				EF65430B2E225FB000D9B543 /* PictureBookLendingModel in Frameworks */,
				EF6CC9292E21CB6E0092EEDE /* PictureBookLendingInfrastructure in Frameworks */,
				EF8FCE702E2153450044F238 /* PictureBookLendingUI in Frameworks */,
				EFDF91552DF0A0D6007EB46B /* PictureBookLendingDomain in Frameworks */,
			);
			runOnlyForDeploymentPostprocessing = 0;
		};
		EFF77EFD2DD66AAD009BD213 /* Frameworks */ = {
			isa = PBXFrameworksBuildPhase;
			buildActionMask = 2147483647;
			files = (
				EF6543092E225FA800D9B543 /* PictureBookLendingModel in Frameworks */,
				EF6CC92B2E21CB730092EEDE /* PictureBookLendingInfrastructure in Frameworks */,
				EF8FCE722E21534B0044F238 /* PictureBookLendingUI in Frameworks */,
				EFDF91572DF0A1A6007EB46B /* PictureBookLendingDomain in Frameworks */,
			);
			runOnlyForDeploymentPostprocessing = 0;
		};
		EFF77F072DD66AAD009BD213 /* Frameworks */ = {
			isa = PBXFrameworksBuildPhase;
			buildActionMask = 2147483647;
			files = (
				EF6543072E225FA400D9B543 /* PictureBookLendingModel in Frameworks */,
				EF6CC92D2E21CB780092EEDE /* PictureBookLendingInfrastructure in Frameworks */,
				EF8FCE742E21534F0044F238 /* PictureBookLendingUI in Frameworks */,
				EFDF91592DF0A1AB007EB46B /* PictureBookLendingDomain in Frameworks */,
			);
			runOnlyForDeploymentPostprocessing = 0;
		};
/* End PBXFrameworksBuildPhase section */

/* Begin PBXGroup section */
		EFDF91532DF0A0D6007EB46B /* Frameworks */ = {
			isa = PBXGroup;
			children = (
				EFD9BABA2E20FDF300218826 /* PictureBookLendingDomain */,
				EF6543052E225CC700D9B543 /* PictureBookLendingModel */,
				EF6CC9272E21C2A10092EEDE /* PictureBookLendingInfrastructure */,
				EF5A12492E210087000E665F /* PictureBookLendingUI */,
			);
			name = Frameworks;
			sourceTree = "<group>";
		};
		EFF77EE72DD66AAB009BD213 = {
			isa = PBXGroup;
			children = (
				EFF77EF22DD66AAB009BD213 /* PictureBookLendingAdmin */,
				EFF77F032DD66AAD009BD213 /* PictureBookLendingAdminTests */,
				EFF77EF12DD66AAB009BD213 /* Products */,
				EFDF91532DF0A0D6007EB46B /* Frameworks */,
			);
			sourceTree = "<group>";
		};
		EFF77EF12DD66AAB009BD213 /* Products */ = {
			isa = PBXGroup;
			children = (
				EFF77EF02DD66AAB009BD213 /* PictureBookLendingAdmin.app */,
				EFF77F002DD66AAD009BD213 /* PictureBookLendingAdminTests.xctest */,
				EFF77F0A2DD66AAD009BD213 /* PictureBookLendingAdminUITests.xctest */,
			);
			name = Products;
			sourceTree = "<group>";
		};
/* End PBXGroup section */

/* Begin PBXNativeTarget section */
		EFF77EEF2DD66AAB009BD213 /* PictureBookLendingAdmin */ = {
			isa = PBXNativeTarget;
			buildConfigurationList = EFF77F142DD66AAD009BD213 /* Build configuration list for PBXNativeTarget "PictureBookLendingAdmin" */;
			buildPhases = (
				EFF77EEC2DD66AAB009BD213 /* Sources */,
				EFF77EED2DD66AAB009BD213 /* Frameworks */,
				EFF77EEE2DD66AAB009BD213 /* Resources */,
			);
			buildRules = (
			);
			dependencies = (
			);
			fileSystemSynchronizedGroups = (
				EFF77EF22DD66AAB009BD213 /* PictureBookLendingAdmin */,
			);
			name = PictureBookLendingAdmin;
			packageProductDependencies = (
				EFDF91542DF0A0D6007EB46B /* PictureBookLendingDomain */,
				EF8FCE6F2E2153450044F238 /* PictureBookLendingUI */,
				EF6CC9282E21CB6E0092EEDE /* PictureBookLendingInfrastructure */,
				EF65430A2E225FB000D9B543 /* PictureBookLendingModel */,
			);
			productName = PictureBookLendingAdmin;
			productReference = EFF77EF02DD66AAB009BD213 /* PictureBookLendingAdmin.app */;
			productType = "com.apple.product-type.application";
		};
		EFF77EFF2DD66AAD009BD213 /* PictureBookLendingAdminTests */ = {
			isa = PBXNativeTarget;
			buildConfigurationList = EFF77F172DD66AAD009BD213 /* Build configuration list for PBXNativeTarget "PictureBookLendingAdminTests" */;
			buildPhases = (
				EFF77EFC2DD66AAD009BD213 /* Sources */,
				EFF77EFD2DD66AAD009BD213 /* Frameworks */,
				EFF77EFE2DD66AAD009BD213 /* Resources */,
			);
			buildRules = (
			);
			dependencies = (
				EFF77F022DD66AAD009BD213 /* PBXTargetDependency */,
			);
			fileSystemSynchronizedGroups = (
				EFF77F032DD66AAD009BD213 /* PictureBookLendingAdminTests */,
			);
			name = PictureBookLendingAdminTests;
			packageProductDependencies = (
				EFDF91562DF0A1A6007EB46B /* PictureBookLendingDomain */,
				EF8FCE712E21534B0044F238 /* PictureBookLendingUI */,
				EF6CC92A2E21CB730092EEDE /* PictureBookLendingInfrastructure */,
				EF6543082E225FA800D9B543 /* PictureBookLendingModel */,
			);
			productName = PictureBookLendingAdminTests;
			productReference = EFF77F002DD66AAD009BD213 /* PictureBookLendingAdminTests.xctest */;
			productType = "com.apple.product-type.bundle.unit-test";
		};
		EFF77F092DD66AAD009BD213 /* PictureBookLendingAdminUITests */ = {
			isa = PBXNativeTarget;
			buildConfigurationList = EFF77F1A2DD66AAD009BD213 /* Build configuration list for PBXNativeTarget "PictureBookLendingAdminUITests" */;
			buildPhases = (
				EFF77F062DD66AAD009BD213 /* Sources */,
				EFF77F072DD66AAD009BD213 /* Frameworks */,
				EFF77F082DD66AAD009BD213 /* Resources */,
			);
			buildRules = (
			);
			dependencies = (
				EFF77F0C2DD66AAD009BD213 /* PBXTargetDependency */,
			);
			name = PictureBookLendingAdminUITests;
			packageProductDependencies = (
				EFDF91582DF0A1AB007EB46B /* PictureBookLendingDomain */,
				EF8FCE732E21534F0044F238 /* PictureBookLendingUI */,
				EF6CC92C2E21CB780092EEDE /* PictureBookLendingInfrastructure */,
				EF6543062E225FA400D9B543 /* PictureBookLendingModel */,
			);
			productName = PictureBookLendingAdminUITests;
			productReference = EFF77F0A2DD66AAD009BD213 /* PictureBookLendingAdminUITests.xctest */;
			productType = "com.apple.product-type.bundle.ui-testing";
		};
/* End PBXNativeTarget section */

/* Begin PBXProject section */
		EFF77EE82DD66AAB009BD213 /* Project object */ = {
			isa = PBXProject;
			attributes = {
				BuildIndependentTargetsInParallel = 1;
				LastSwiftUpdateCheck = 1630;
				LastUpgradeCheck = 1640;
				TargetAttributes = {
					EFF77EEF2DD66AAB009BD213 = {
						CreatedOnToolsVersion = 16.3;
					};
					EFF77EFF2DD66AAD009BD213 = {
						CreatedOnToolsVersion = 16.3;
						LastSwiftMigration = 1640;
						TestTargetID = EFF77EEF2DD66AAB009BD213;
					};
					EFF77F092DD66AAD009BD213 = {
						CreatedOnToolsVersion = 16.3;
						TestTargetID = EFF77EEF2DD66AAB009BD213;
					};
				};
			};
			buildConfigurationList = EFF77EEB2DD66AAB009BD213 /* Build configuration list for PBXProject "PictureBookLendingAdmin" */;
			developmentRegion = en;
			hasScannedForEncodings = 0;
			knownRegions = (
				en,
				Base,
			);
			mainGroup = EFF77EE72DD66AAB009BD213;
			minimizedProjectReferenceProxies = 1;
			packageReferences = (
			);
			preferredProjectObjectVersion = 77;
			productRefGroup = EFF77EF12DD66AAB009BD213 /* Products */;
			projectDirPath = "";
			projectRoot = "";
			targets = (
				EFF77EEF2DD66AAB009BD213 /* PictureBookLendingAdmin */,
				EFF77EFF2DD66AAD009BD213 /* PictureBookLendingAdminTests */,
				EFF77F092DD66AAD009BD213 /* PictureBookLendingAdminUITests */,
			);
		};
/* End PBXProject section */

/* Begin PBXResourcesBuildPhase section */
		EFF77EEE2DD66AAB009BD213 /* Resources */ = {
			isa = PBXResourcesBuildPhase;
			buildActionMask = 2147483647;
			files = (
			);
			runOnlyForDeploymentPostprocessing = 0;
		};
		EFF77EFE2DD66AAD009BD213 /* Resources */ = {
			isa = PBXResourcesBuildPhase;
			buildActionMask = 2147483647;
			files = (
			);
			runOnlyForDeploymentPostprocessing = 0;
		};
		EFF77F082DD66AAD009BD213 /* Resources */ = {
			isa = PBXResourcesBuildPhase;
			buildActionMask = 2147483647;
			files = (
			);
			runOnlyForDeploymentPostprocessing = 0;
		};
/* End PBXResourcesBuildPhase section */

/* Begin PBXSourcesBuildPhase section */
		EFF77EEC2DD66AAB009BD213 /* Sources */ = {
			isa = PBXSourcesBuildPhase;
			buildActionMask = 2147483647;
			files = (
			);
			runOnlyForDeploymentPostprocessing = 0;
		};
		EFF77EFC2DD66AAD009BD213 /* Sources */ = {
			isa = PBXSourcesBuildPhase;
			buildActionMask = 2147483647;
			files = (
			);
			runOnlyForDeploymentPostprocessing = 0;
		};
		EFF77F062DD66AAD009BD213 /* Sources */ = {
			isa = PBXSourcesBuildPhase;
			buildActionMask = 2147483647;
			files = (
			);
			runOnlyForDeploymentPostprocessing = 0;
		};
/* End PBXSourcesBuildPhase section */

/* Begin PBXTargetDependency section */
		EFF77F022DD66AAD009BD213 /* PBXTargetDependency */ = {
			isa = PBXTargetDependency;
			target = EFF77EEF2DD66AAB009BD213 /* PictureBookLendingAdmin */;
			targetProxy = EFF77F012DD66AAD009BD213 /* PBXContainerItemProxy */;
		};
		EFF77F0C2DD66AAD009BD213 /* PBXTargetDependency */ = {
			isa = PBXTargetDependency;
			target = EFF77EEF2DD66AAB009BD213 /* PictureBookLendingAdmin */;
			targetProxy = EFF77F0B2DD66AAD009BD213 /* PBXContainerItemProxy */;
		};
/* End PBXTargetDependency section */

/* Begin XCBuildConfiguration section */
		EFF77F122DD66AAD009BD213 /* Debug */ = {
			isa = XCBuildConfiguration;
			buildSettings = {
				ALWAYS_SEARCH_USER_PATHS = NO;
				ASSETCATALOG_COMPILER_GENERATE_SWIFT_ASSET_SYMBOL_EXTENSIONS = YES;
				CLANG_ANALYZER_NONNULL = YES;
				CLANG_ANALYZER_NUMBER_OBJECT_CONVERSION = YES_AGGRESSIVE;
				CLANG_CXX_LANGUAGE_STANDARD = "gnu++20";
				CLANG_ENABLE_MODULES = YES;
				CLANG_ENABLE_OBJC_ARC = YES;
				CLANG_ENABLE_OBJC_WEAK = YES;
				CLANG_WARN_BLOCK_CAPTURE_AUTORELEASING = YES;
				CLANG_WARN_BOOL_CONVERSION = YES;
				CLANG_WARN_COMMA = YES;
				CLANG_WARN_CONSTANT_CONVERSION = YES;
				CLANG_WARN_DEPRECATED_OBJC_IMPLEMENTATIONS = YES;
				CLANG_WARN_DIRECT_OBJC_ISA_USAGE = YES_ERROR;
				CLANG_WARN_DOCUMENTATION_COMMENTS = YES;
				CLANG_WARN_EMPTY_BODY = YES;
				CLANG_WARN_ENUM_CONVERSION = YES;
				CLANG_WARN_INFINITE_RECURSION = YES;
				CLANG_WARN_INT_CONVERSION = YES;
				CLANG_WARN_NON_LITERAL_NULL_CONVERSION = YES;
				CLANG_WARN_OBJC_IMPLICIT_RETAIN_SELF = YES;
				CLANG_WARN_OBJC_LITERAL_CONVERSION = YES;
				CLANG_WARN_OBJC_ROOT_CLASS = YES_ERROR;
				CLANG_WARN_QUOTED_INCLUDE_IN_FRAMEWORK_HEADER = YES;
				CLANG_WARN_RANGE_LOOP_ANALYSIS = YES;
				CLANG_WARN_STRICT_PROTOTYPES = YES;
				CLANG_WARN_SUSPICIOUS_MOVE = YES;
				CLANG_WARN_UNGUARDED_AVAILABILITY = YES_AGGRESSIVE;
				CLANG_WARN_UNREACHABLE_CODE = YES;
				CLANG_WARN__DUPLICATE_METHOD_MATCH = YES;
				COPY_PHASE_STRIP = NO;
				DEAD_CODE_STRIPPING = YES;
				DEBUG_INFORMATION_FORMAT = dwarf;
				DEVELOPMENT_TEAM = J9ALTX5GVP;
				ENABLE_STRICT_OBJC_MSGSEND = YES;
				ENABLE_TESTABILITY = YES;
				ENABLE_USER_SCRIPT_SANDBOXING = YES;
				GCC_C_LANGUAGE_STANDARD = gnu17;
				GCC_DYNAMIC_NO_PIC = NO;
				GCC_NO_COMMON_BLOCKS = YES;
				GCC_OPTIMIZATION_LEVEL = 0;
				GCC_PREPROCESSOR_DEFINITIONS = (
					"DEBUG=1",
					"$(inherited)",
				);
				GCC_WARN_64_TO_32_BIT_CONVERSION = YES;
				GCC_WARN_ABOUT_RETURN_TYPE = YES_ERROR;
				GCC_WARN_UNDECLARED_SELECTOR = YES;
				GCC_WARN_UNINITIALIZED_AUTOS = YES_AGGRESSIVE;
				GCC_WARN_UNUSED_FUNCTION = YES;
				GCC_WARN_UNUSED_VARIABLE = YES;
				LOCALIZATION_PREFERS_STRING_CATALOGS = YES;
				MTL_ENABLE_DEBUG_INFO = INCLUDE_SOURCE;
				MTL_FAST_MATH = YES;
				ONLY_ACTIVE_ARCH = YES;
				SWIFT_ACTIVE_COMPILATION_CONDITIONS = "DEBUG $(inherited)";
				SWIFT_OPTIMIZATION_LEVEL = "-Onone";
			};
			name = Debug;
		};
		EFF77F132DD66AAD009BD213 /* Release */ = {
			isa = XCBuildConfiguration;
			buildSettings = {
				ALWAYS_SEARCH_USER_PATHS = NO;
				ASSETCATALOG_COMPILER_GENERATE_SWIFT_ASSET_SYMBOL_EXTENSIONS = YES;
				CLANG_ANALYZER_NONNULL = YES;
				CLANG_ANALYZER_NUMBER_OBJECT_CONVERSION = YES_AGGRESSIVE;
				CLANG_CXX_LANGUAGE_STANDARD = "gnu++20";
				CLANG_ENABLE_MODULES = YES;
				CLANG_ENABLE_OBJC_ARC = YES;
				CLANG_ENABLE_OBJC_WEAK = YES;
				CLANG_WARN_BLOCK_CAPTURE_AUTORELEASING = YES;
				CLANG_WARN_BOOL_CONVERSION = YES;
				CLANG_WARN_COMMA = YES;
				CLANG_WARN_CONSTANT_CONVERSION = YES;
				CLANG_WARN_DEPRECATED_OBJC_IMPLEMENTATIONS = YES;
				CLANG_WARN_DIRECT_OBJC_ISA_USAGE = YES_ERROR;
				CLANG_WARN_DOCUMENTATION_COMMENTS = YES;
				CLANG_WARN_EMPTY_BODY = YES;
				CLANG_WARN_ENUM_CONVERSION = YES;
				CLANG_WARN_INFINITE_RECURSION = YES;
				CLANG_WARN_INT_CONVERSION = YES;
				CLANG_WARN_NON_LITERAL_NULL_CONVERSION = YES;
				CLANG_WARN_OBJC_IMPLICIT_RETAIN_SELF = YES;
				CLANG_WARN_OBJC_LITERAL_CONVERSION = YES;
				CLANG_WARN_OBJC_ROOT_CLASS = YES_ERROR;
				CLANG_WARN_QUOTED_INCLUDE_IN_FRAMEWORK_HEADER = YES;
				CLANG_WARN_RANGE_LOOP_ANALYSIS = YES;
				CLANG_WARN_STRICT_PROTOTYPES = YES;
				CLANG_WARN_SUSPICIOUS_MOVE = YES;
				CLANG_WARN_UNGUARDED_AVAILABILITY = YES_AGGRESSIVE;
				CLANG_WARN_UNREACHABLE_CODE = YES;
				CLANG_WARN__DUPLICATE_METHOD_MATCH = YES;
				COPY_PHASE_STRIP = NO;
				DEAD_CODE_STRIPPING = YES;
				DEBUG_INFORMATION_FORMAT = "dwarf-with-dsym";
				DEVELOPMENT_TEAM = J9ALTX5GVP;
				ENABLE_NS_ASSERTIONS = NO;
				ENABLE_STRICT_OBJC_MSGSEND = YES;
				ENABLE_USER_SCRIPT_SANDBOXING = YES;
				GCC_C_LANGUAGE_STANDARD = gnu17;
				GCC_NO_COMMON_BLOCKS = YES;
				GCC_WARN_64_TO_32_BIT_CONVERSION = YES;
				GCC_WARN_ABOUT_RETURN_TYPE = YES_ERROR;
				GCC_WARN_UNDECLARED_SELECTOR = YES;
				GCC_WARN_UNINITIALIZED_AUTOS = YES_AGGRESSIVE;
				GCC_WARN_UNUSED_FUNCTION = YES;
				GCC_WARN_UNUSED_VARIABLE = YES;
				LOCALIZATION_PREFERS_STRING_CATALOGS = YES;
				MTL_ENABLE_DEBUG_INFO = NO;
				MTL_FAST_MATH = YES;
				SWIFT_COMPILATION_MODE = wholemodule;
			};
			name = Release;
		};
		EFF77F152DD66AAD009BD213 /* Debug */ = {
			isa = XCBuildConfiguration;
			buildSettings = {
				ASSETCATALOG_COMPILER_APPICON_NAME = AppIcon;
				ASSETCATALOG_COMPILER_GLOBAL_ACCENT_COLOR_NAME = AccentColor;
				CODE_SIGN_ENTITLEMENTS = PictureBookLendingAdmin/PictureBookLendingAdmin.entitlements;
				CODE_SIGN_STYLE = Automatic;
				CURRENT_PROJECT_VERSION = 2;
				DEAD_CODE_STRIPPING = YES;
				DEVELOPMENT_TEAM = J9ALTX5GVP;
				ENABLE_HARDENED_RUNTIME = YES;
				ENABLE_PREVIEWS = YES;
				GENERATE_INFOPLIST_FILE = YES;
				"INFOPLIST_KEY_UIApplicationSceneManifest_Generation[sdk=iphoneos*]" = YES;
				"INFOPLIST_KEY_UIApplicationSceneManifest_Generation[sdk=iphonesimulator*]" = YES;
				"INFOPLIST_KEY_UIApplicationSupportsIndirectInputEvents[sdk=iphoneos*]" = YES;
				"INFOPLIST_KEY_UIApplicationSupportsIndirectInputEvents[sdk=iphonesimulator*]" = YES;
				"INFOPLIST_KEY_UILaunchScreen_Generation[sdk=iphoneos*]" = YES;
				"INFOPLIST_KEY_UILaunchScreen_Generation[sdk=iphonesimulator*]" = YES;
				"INFOPLIST_KEY_UIStatusBarStyle[sdk=iphoneos*]" = UIStatusBarStyleDefault;
				"INFOPLIST_KEY_UIStatusBarStyle[sdk=iphonesimulator*]" = UIStatusBarStyleDefault;
				INFOPLIST_KEY_UISupportedInterfaceOrientations_iPad = "UIInterfaceOrientationPortrait UIInterfaceOrientationPortraitUpsideDown UIInterfaceOrientationLandscapeLeft UIInterfaceOrientationLandscapeRight";
				INFOPLIST_KEY_UISupportedInterfaceOrientations_iPhone = "UIInterfaceOrientationPortrait UIInterfaceOrientationLandscapeLeft UIInterfaceOrientationLandscapeRight";
				IPHONEOS_DEPLOYMENT_TARGET = 18.4;
				LD_RUNPATH_SEARCH_PATHS = "@executable_path/Frameworks";
				"LD_RUNPATH_SEARCH_PATHS[sdk=macosx*]" = "@executable_path/../Frameworks";
				MACOSX_DEPLOYMENT_TARGET = 14.0;
				MARKETING_VERSION = 1.0;
				PRODUCT_BUNDLE_IDENTIFIER = AmazingComingTommy.PictureBookLendingAdmin;
				PRODUCT_NAME = "$(TARGET_NAME)";
				REGISTER_APP_GROUPS = YES;
				SDKROOT = auto;
				SUPPORTED_PLATFORMS = "iphoneos iphonesimulator macosx";
				SUPPORTS_MACCATALYST = NO;
				SWIFT_EMIT_LOC_STRINGS = YES;
				SWIFT_VERSION = 5.0;
				TARGETED_DEVICE_FAMILY = "1,2";
				XROS_DEPLOYMENT_TARGET = 2.4;
			};
			name = Debug;
		};
		EFF77F162DD66AAD009BD213 /* Release */ = {
			isa = XCBuildConfiguration;
			buildSettings = {
				ASSETCATALOG_COMPILER_APPICON_NAME = AppIcon;
				ASSETCATALOG_COMPILER_GLOBAL_ACCENT_COLOR_NAME = AccentColor;
				CODE_SIGN_ENTITLEMENTS = PictureBookLendingAdmin/PictureBookLendingAdmin.entitlements;
				CODE_SIGN_STYLE = Automatic;
				CURRENT_PROJECT_VERSION = 2;
				DEAD_CODE_STRIPPING = YES;
				DEVELOPMENT_TEAM = J9ALTX5GVP;
				ENABLE_HARDENED_RUNTIME = YES;
				ENABLE_PREVIEWS = YES;
				GENERATE_INFOPLIST_FILE = YES;
				"INFOPLIST_KEY_UIApplicationSceneManifest_Generation[sdk=iphoneos*]" = YES;
				"INFOPLIST_KEY_UIApplicationSceneManifest_Generation[sdk=iphonesimulator*]" = YES;
				"INFOPLIST_KEY_UIApplicationSupportsIndirectInputEvents[sdk=iphoneos*]" = YES;
				"INFOPLIST_KEY_UIApplicationSupportsIndirectInputEvents[sdk=iphonesimulator*]" = YES;
				"INFOPLIST_KEY_UILaunchScreen_Generation[sdk=iphoneos*]" = YES;
				"INFOPLIST_KEY_UILaunchScreen_Generation[sdk=iphonesimulator*]" = YES;
				"INFOPLIST_KEY_UIStatusBarStyle[sdk=iphoneos*]" = UIStatusBarStyleDefault;
				"INFOPLIST_KEY_UIStatusBarStyle[sdk=iphonesimulator*]" = UIStatusBarStyleDefault;
				INFOPLIST_KEY_UISupportedInterfaceOrientations_iPad = "UIInterfaceOrientationPortrait UIInterfaceOrientationPortraitUpsideDown UIInterfaceOrientationLandscapeLeft UIInterfaceOrientationLandscapeRight";
				INFOPLIST_KEY_UISupportedInterfaceOrientations_iPhone = "UIInterfaceOrientationPortrait UIInterfaceOrientationLandscapeLeft UIInterfaceOrientationLandscapeRight";
				IPHONEOS_DEPLOYMENT_TARGET = 18.4;
				LD_RUNPATH_SEARCH_PATHS = "@executable_path/Frameworks";
				"LD_RUNPATH_SEARCH_PATHS[sdk=macosx*]" = "@executable_path/../Frameworks";
				MACOSX_DEPLOYMENT_TARGET = 14.0;
				MARKETING_VERSION = 1.0;
				PRODUCT_BUNDLE_IDENTIFIER = AmazingComingTommy.PictureBookLendingAdmin;
				PRODUCT_NAME = "$(TARGET_NAME)";
				REGISTER_APP_GROUPS = YES;
				SDKROOT = auto;
				SUPPORTED_PLATFORMS = "iphoneos iphonesimulator macosx";
				SUPPORTS_MACCATALYST = NO;
				SWIFT_EMIT_LOC_STRINGS = YES;
				SWIFT_VERSION = 5.0;
				TARGETED_DEVICE_FAMILY = "1,2";
				XROS_DEPLOYMENT_TARGET = 2.4;
			};
			name = Release;
		};
		EFF77F182DD66AAD009BD213 /* Debug */ = {
			isa = XCBuildConfiguration;
			buildSettings = {
				BUNDLE_LOADER = "$(TEST_HOST)";
				CLANG_ENABLE_MODULES = YES;
				CODE_SIGN_STYLE = Automatic;
				CURRENT_PROJECT_VERSION = 2;
				DEAD_CODE_STRIPPING = YES;
				DEVELOPMENT_TEAM = J9ALTX5GVP;
				GENERATE_INFOPLIST_FILE = YES;
				IPHONEOS_DEPLOYMENT_TARGET = 18.4;
				MACOSX_DEPLOYMENT_TARGET = 15.4;
				MARKETING_VERSION = 1.0;
				PRODUCT_BUNDLE_IDENTIFIER = AmazingComingTommy.PictureBookLendingAdminTests;
				PRODUCT_NAME = "$(TARGET_NAME)";
				SDKROOT = auto;
				SUPPORTED_PLATFORMS = "iphoneos iphonesimulator macosx";
				SUPPORTS_MACCATALYST = NO;
				SWIFT_EMIT_LOC_STRINGS = NO;
				SWIFT_OPTIMIZATION_LEVEL = "-Onone";
				SWIFT_VERSION = 5.0;
				TARGETED_DEVICE_FAMILY = "1,2";
				TEST_HOST = "$(BUILT_PRODUCTS_DIR)/PictureBookLendingAdmin.app/$(BUNDLE_EXECUTABLE_FOLDER_PATH)/PictureBookLendingAdmin";
				XROS_DEPLOYMENT_TARGET = 2.4;
			};
			name = Debug;
		};
		EFF77F192DD66AAD009BD213 /* Release */ = {
			isa = XCBuildConfiguration;
			buildSettings = {
				BUNDLE_LOADER = "$(TEST_HOST)";
				CLANG_ENABLE_MODULES = YES;
				CODE_SIGN_STYLE = Automatic;
				CURRENT_PROJECT_VERSION = 2;
				DEAD_CODE_STRIPPING = YES;
				DEVELOPMENT_TEAM = J9ALTX5GVP;
				GENERATE_INFOPLIST_FILE = YES;
				IPHONEOS_DEPLOYMENT_TARGET = 18.4;
				MACOSX_DEPLOYMENT_TARGET = 15.4;
				MARKETING_VERSION = 1.0;
				PRODUCT_BUNDLE_IDENTIFIER = AmazingComingTommy.PictureBookLendingAdminTests;
				PRODUCT_NAME = "$(TARGET_NAME)";
				SDKROOT = auto;
				SUPPORTED_PLATFORMS = "iphoneos iphonesimulator macosx";
				SUPPORTS_MACCATALYST = NO;
				SWIFT_EMIT_LOC_STRINGS = NO;
				SWIFT_VERSION = 5.0;
				TARGETED_DEVICE_FAMILY = "1,2";
				TEST_HOST = "$(BUILT_PRODUCTS_DIR)/PictureBookLendingAdmin.app/$(BUNDLE_EXECUTABLE_FOLDER_PATH)/PictureBookLendingAdmin";
				XROS_DEPLOYMENT_TARGET = 2.4;
			};
			name = Release;
		};
		EFF77F1B2DD66AAD009BD213 /* Debug */ = {
			isa = XCBuildConfiguration;
			buildSettings = {
				CODE_SIGN_STYLE = Automatic;
				CURRENT_PROJECT_VERSION = 2;
				DEAD_CODE_STRIPPING = YES;
				DEVELOPMENT_TEAM = J9ALTX5GVP;
				GENERATE_INFOPLIST_FILE = YES;
				IPHONEOS_DEPLOYMENT_TARGET = 18.4;
				MACOSX_DEPLOYMENT_TARGET = 15.4;
				MARKETING_VERSION = 1.0;
				PRODUCT_BUNDLE_IDENTIFIER = AmazingComingTommy.PictureBookLendingAdminUITests;
				PRODUCT_NAME = "$(TARGET_NAME)";
				SDKROOT = auto;
				SUPPORTED_PLATFORMS = "iphoneos iphonesimulator macosx";
				SUPPORTS_MACCATALYST = NO;
				SWIFT_EMIT_LOC_STRINGS = NO;
				SWIFT_VERSION = 5.0;
				TARGETED_DEVICE_FAMILY = "1,2";
				TEST_TARGET_NAME = PictureBookLendingAdmin;
				XROS_DEPLOYMENT_TARGET = 2.4;
			};
			name = Debug;
		};
		EFF77F1C2DD66AAD009BD213 /* Release */ = {
			isa = XCBuildConfiguration;
			buildSettings = {
				CODE_SIGN_STYLE = Automatic;
				CURRENT_PROJECT_VERSION = 2;
				DEAD_CODE_STRIPPING = YES;
				DEVELOPMENT_TEAM = J9ALTX5GVP;
				GENERATE_INFOPLIST_FILE = YES;
				IPHONEOS_DEPLOYMENT_TARGET = 18.4;
				MACOSX_DEPLOYMENT_TARGET = 15.4;
				MARKETING_VERSION = 1.0;
				PRODUCT_BUNDLE_IDENTIFIER = AmazingComingTommy.PictureBookLendingAdminUITests;
				PRODUCT_NAME = "$(TARGET_NAME)";
				SDKROOT = auto;
				SUPPORTED_PLATFORMS = "iphoneos iphonesimulator macosx";
				SUPPORTS_MACCATALYST = NO;
				SWIFT_EMIT_LOC_STRINGS = NO;
				SWIFT_VERSION = 5.0;
				TARGETED_DEVICE_FAMILY = "1,2";
				TEST_TARGET_NAME = PictureBookLendingAdmin;
				XROS_DEPLOYMENT_TARGET = 2.4;
			};
			name = Release;
		};
/* End XCBuildConfiguration section */

/* Begin XCConfigurationList section */
		EFF77EEB2DD66AAB009BD213 /* Build configuration list for PBXProject "PictureBookLendingAdmin" */ = {
			isa = XCConfigurationList;
			buildConfigurations = (
				EFF77F122DD66AAD009BD213 /* Debug */,
				EFF77F132DD66AAD009BD213 /* Release */,
			);
			defaultConfigurationIsVisible = 0;
			defaultConfigurationName = Release;
		};
		EFF77F142DD66AAD009BD213 /* Build configuration list for PBXNativeTarget "PictureBookLendingAdmin" */ = {
			isa = XCConfigurationList;
			buildConfigurations = (
				EFF77F152DD66AAD009BD213 /* Debug */,
				EFF77F162DD66AAD009BD213 /* Release */,
			);
			defaultConfigurationIsVisible = 0;
			defaultConfigurationName = Release;
		};
		EFF77F172DD66AAD009BD213 /* Build configuration list for PBXNativeTarget "PictureBookLendingAdminTests" */ = {
			isa = XCConfigurationList;
			buildConfigurations = (
				EFF77F182DD66AAD009BD213 /* Debug */,
				EFF77F192DD66AAD009BD213 /* Release */,
			);
			defaultConfigurationIsVisible = 0;
			defaultConfigurationName = Release;
		};
		EFF77F1A2DD66AAD009BD213 /* Build configuration list for PBXNativeTarget "PictureBookLendingAdminUITests" */ = {
			isa = XCConfigurationList;
			buildConfigurations = (
				EFF77F1B2DD66AAD009BD213 /* Debug */,
				EFF77F1C2DD66AAD009BD213 /* Release */,
			);
			defaultConfigurationIsVisible = 0;
			defaultConfigurationName = Release;
		};
/* End XCConfigurationList section */

/* Begin XCSwiftPackageProductDependency section */
		EF6543062E225FA400D9B543 /* PictureBookLendingModel */ = {
			isa = XCSwiftPackageProductDependency;
			productName = PictureBookLendingModel;
		};
		EF6543082E225FA800D9B543 /* PictureBookLendingModel */ = {
			isa = XCSwiftPackageProductDependency;
			productName = PictureBookLendingModel;
		};
		EF65430A2E225FB000D9B543 /* PictureBookLendingModel */ = {
			isa = XCSwiftPackageProductDependency;
			productName = PictureBookLendingModel;
		};
		EF6CC9282E21CB6E0092EEDE /* PictureBookLendingInfrastructure */ = {
			isa = XCSwiftPackageProductDependency;
			productName = PictureBookLendingInfrastructure;
		};
		EF6CC92A2E21CB730092EEDE /* PictureBookLendingInfrastructure */ = {
			isa = XCSwiftPackageProductDependency;
			productName = PictureBookLendingInfrastructure;
		};
		EF6CC92C2E21CB780092EEDE /* PictureBookLendingInfrastructure */ = {
			isa = XCSwiftPackageProductDependency;
			productName = PictureBookLendingInfrastructure;
		};
		EF8FCE6F2E2153450044F238 /* PictureBookLendingUI */ = {
			isa = XCSwiftPackageProductDependency;
			productName = PictureBookLendingUI;
		};
		EF8FCE712E21534B0044F238 /* PictureBookLendingUI */ = {
			isa = XCSwiftPackageProductDependency;
			productName = PictureBookLendingUI;
		};
		EF8FCE732E21534F0044F238 /* PictureBookLendingUI */ = {
			isa = XCSwiftPackageProductDependency;
			productName = PictureBookLendingUI;
		};
		EFDF91542DF0A0D6007EB46B /* PictureBookLendingDomain */ = {
			isa = XCSwiftPackageProductDependency;
			productName = PictureBookLendingDomain;
		};
		EFDF91562DF0A1A6007EB46B /* PictureBookLendingDomain */ = {
			isa = XCSwiftPackageProductDependency;
			productName = PictureBookLendingDomain;
		};
		EFDF91582DF0A1AB007EB46B /* PictureBookLendingDomain */ = {
			isa = XCSwiftPackageProductDependency;
			productName = PictureBookLendingDomain;
		};
/* End XCSwiftPackageProductDependency section */
	};
	rootObject = EFF77EE82DD66AAB009BD213 /* Project object */;
}
